<Solution>
  <Project Path="01_Algoritma/01_Algoritma.csproj" />
  <Project Path="02_Degiskenler_VeriTipleri/02_Degiskenler_VeriTipleri.csproj" />
  <Project Path="03_Tur_Donusumleri/03_Tur_Donusumleri.csproj" Id="ec917632-3113-4f45-b757-577d67edf7b5" />
  <Project Path="04_Operatorler/04_Operatorler.csproj" Id="8110d56d-25a5-49b0-ab0b-6e7e062799b7" />
  <Project Path="05_KararYapilari/05_KararYapilari.csproj" Id="019d65aa-bca1-41de-955b-c111ece6699d" />
  <Project Path="06_DateTime_String_Metotlar/06_DateTime_String_Metotlar.csproj" Id="98922be5-0702-4362-8e20-a8088d97c96f" />
  <Project Path="07_Bankamatik/07_Bankamatik.csproj" Id="3a3b2b3e-e6dc-4be4-9fdf-7935670c9288" />
  <Project Path="08_Donguler/08_Donguler.csproj" Id="8e8f9e26-2325-49e7-80d4-8135f65618c9" />
  <Project Path="09_Arrays/09_Arrays.csproj" Id="4e293b35-2fa7-4f06-bbc0-f63833a9f3d0" />
  <Project Path="09_OtomatMakinesi/09_OtomatMakinesi.csproj" Id="a0832941-cd0f-4718-8ff1-594360515e84" />
  <Project Path="10_Try_Catch/10_Try_Catch.csproj" Id="1fdeb6aa-eef8-4a20-a7d0-dbdb71fa75e0" />
  <Project Path="11_ArrayList/11_ArrayList.csproj" Id="8ca48152-2476-4175-9641-25698adc2fb7" />
  <Project Path="11_ManavOtomasyonu/11_ManavOtomasyonu.csproj" Id="c4a8ae0e-4b74-4772-a4e0-86405341178c" />
  <Project Path="12_Metotlar_1/12_Metotlar_1.csproj" Id="eee4cf52-c188-4e93-9188-adc3e2f89288" />
  <Project Path="12_Metotlar_2/12_Metotlar_2.csproj" Id="4fbb8bad-1635-4ced-b5fa-c6cefc02ebfd" />
</Solution>
